
Microsoft Visual Studio Solution File, Format Version 12.00
# Visual Studio 2013
VisualStudioVersion = 12.0.40629.0
MinimumVisualStudioVersion = 10.0.40219.1
Project("{FAE04EC0-301F-11D3-BF4B-00C04F79EFBC}") = "CSharpCourse.BasicClauses", "CSharpCourse.BasicClauses\CSharpCourse.BasicClauses.csproj", "{6BE90D89-5FDD-4FA1-85B8-97D2840F9A62}"
EndProject
Project("{FAE04EC0-301F-11D3-BF4B-00C04F79EFBC}") = "CSharpCourse.ClassInterfacesAndStructs", "CSharpCourse.ClassInterfacesAndStructs\CSharpCourse.ClassInterfacesAndStructs.csproj", "{AC832E3D-2FDA-43B0-8248-AB3E5F33DD0C}"
EndProject
Project("{FAE04EC0-301F-11D3-BF4B-00C04F79EFBC}") = "CSharpCourse.IO", "CSharpCourse.IO\CSharpCourse.IO.csproj", "{AD684939-3CE0-4AB2-BA9C-89FF2822269F}"
EndProject
Project("{FAE04EC0-301F-11D3-BF4B-00C04F79EFBC}") = "CSharpCourse.GenericsI", "CSharpCourse.GenericsI\CSharpCourse.GenericsI.csproj", "{37E7B0D5-277E-4EBE-ACB5-4B57D9105F1B}"
EndProject
Project("{FAE04EC0-301F-11D3-BF4B-00C04F79EFBC}") = "CSharpCourse.Collections", "CSharpCourse.Collections\CSharpCourse.Collections.csproj", "{2164E1FE-0314-454B-959E-C36C1CD08FAB}"
EndProject
Project("{FAE04EC0-301F-11D3-BF4B-00C04F79EFBC}") = "CSharpCourse.WFormsApp", "CSharpCourse.WFormsApp\CSharpCourse.WFormsApp.csproj", "{095A02BA-3F6F-4086-ADD9-70AB3E246420}"
EndProject
Project("{FAE04EC0-301F-11D3-BF4B-00C04F79EFBC}") = "CSharpCourse.LinqI", "CSharpCourse.LinqI\CSharpCourse.LinqI.csproj", "{41609FE9-8096-4D9D-8BDF-C31C99E6577C}"
EndProject
Project("{2150E333-8FDC-42A3-9474-1A3956D46DE8}") = "Solution Items", "Solution Items", "{B168CCB1-673E-4DB2-A1CD-C1BE3D8644B1}"
	ProjectSection(SolutionItems) = preProject
		StudentPresentation.pptx = StudentPresentation.pptx
	EndProjectSection
EndProject
Project("{FAE04EC0-301F-11D3-BF4B-00C04F79EFBC}") = "CSharpCourse.ExtensionMethods", "CSharpCourse.ExtensionMethods\CSharpCourse.ExtensionMethods.csproj", "{2DE76276-6A7B-4AEA-B6C2-8114637FCE25}"
EndProject
Project("{FAE04EC0-301F-11D3-BF4B-00C04F79EFBC}") = "CSharpCourseLazyPrinciple", "CSharpCourseLazyPrinciple\CSharpCourseLazyPrinciple.csproj", "{A0D4DEDB-655B-42E4-9430-EEBC54EE6112}"
EndProject
Project("{FAE04EC0-301F-11D3-BF4B-00C04F79EFBC}") = "CSharpCourse.SystemData", "CSharpCourse.SystemData\CSharpCourse.SystemData.csproj", "{C1B6738A-B44A-4602-AE25-7E2CCA5B6F59}"
EndProject
Project("{FAE04EC0-301F-11D3-BF4B-00C04F79EFBC}") = "CSharpCourse.Concurrency", "CSharpCourse.Concurrency\CSharpCourse.Concurrency.csproj", "{6ECB6EC6-076D-47C2-97C4-3EC84B434274}"
EndProject
Project("{FAE04EC0-301F-11D3-BF4B-00C04F79EFBC}") = "CSharpCourse.Reflection", "CSharpCourse.Reflection\CSharpCourse.Reflection.csproj", "{005B961A-C3E5-4A1C-BCD2-6D66703F9AA5}"
EndProject
Project("{FAE04EC0-301F-11D3-BF4B-00C04F79EFBC}") = "CSharpCourse.WPF", "CSharpCourse.WPF\CSharpCourse.WPF.csproj", "{43B2EDA1-6750-4737-BDB7-E57BF2B5D736}"
EndProject
Project("{FAE04EC0-301F-11D3-BF4B-00C04F79EFBC}") = "CSharpCourse.GenericsII", "CSharpCourse.GenericsII\CSharpCourse.GenericsII.csproj", "{6AA6C237-9B57-4652-9C63-B3E8F955B33C}"
EndProject
Project("{FAE04EC0-301F-11D3-BF4B-00C04F79EFBC}") = "CSharpCourse.MVVM", "CSharpCourse.MVVM\CSharpCourse.MVVM.csproj", "{012707D4-3087-4CC6-9085-B6DCD97AC75D}"
EndProject
Project("{FAE04EC0-301F-11D3-BF4B-00C04F79EFBC}") = "CSharpCourse.PCL", "CSharpCourse.PCL\CSharpCourse.PCL.csproj", "{E7ACE848-CBA4-4DC7-9D72-1EB928E1FEA2}"
EndProject
Project("{FAE04EC0-301F-11D3-BF4B-00C04F79EFBC}") = "CSharpCourse.ASP.WebForms", "CSharpCourse.ASP.WebForms\CSharpCourse.ASP.WebForms.csproj", "{F3C52A0D-4158-455A-B3E5-04EB11D675F7}"
EndProject
Project("{FAE04EC0-301F-11D3-BF4B-00C04F79EFBC}") = "CSharpCourse.ASP.WebAPI", "CSharpCourse.ASP.WebAPI\CSharpCourse.ASP.WebAPI.csproj", "{752B1476-8B11-4A2C-AFF3-A51461B70587}"
EndProject
Project("{FAE04EC0-301F-11D3-BF4B-00C04F79EFBC}") = "CSharpCourse.WCF", "CSharpCourse.WCF\CSharpCourse.WCF.csproj", "{5B7BF65A-937F-497C-AE1F-8CDBCBDC765F}"
EndProject
Project("{FAE04EC0-301F-11D3-BF4B-00C04F79EFBC}") = "CSharpCourse.Droid", "CSharpCourse.Droid\CSharpCourse.Droid.csproj", "{21163F9B-A50D-41BF-B6EB-7449D3D6CC13}"
EndProject
Project("{FAE04EC0-301F-11D3-BF4B-00C04F79EFBC}") = "CSharpCourse.IOS", "CSharpCourse.IOS\CSharpCourse.IOS.csproj", "{E2657F26-9B45-4378-A88F-D72944DF2B60}"
EndProject
Project("{2150E333-8FDC-42A3-9474-1A3956D46DE8}") = "Mvvmcross", "Mvvmcross", "{9BFBAF01-1400-4A84-A06B-921693FBCF3E}"
EndProject
Project("{FAE04EC0-301F-11D3-BF4B-00C04F79EFBC}") = "CSharpCourse.Core", "CSharpCourse.Core\CSharpCourse.Core.csproj", "{0DC559E0-B929-4DDD-B07B-F0CAF5F5F7BB}"
EndProject
Project("{FAE04EC0-301F-11D3-BF4B-00C04F79EFBC}") = "CSharpCourse.MvvmDroid", "CSharpCourse.MvvmDroid\CSharpCourse.MvvmDroid.csproj", "{9F69E12D-9DBE-47DE-8DA8-458A190E202D}"
EndProject
Project("{FAE04EC0-301F-11D3-BF4B-00C04F79EFBC}") = "CSharpCourse.MvvmIOS", "CSharpCourse.MvvmIOS\CSharpCourse.MvvmIOS.csproj", "{275FF625-2494-431F-AC5A-06ED04F35187}"
EndProject
Project("{2150E333-8FDC-42A3-9474-1A3956D46DE8}") = "XamarinForms", "XamarinForms", "{41075C30-7127-4C56-B5DF-181E853BD409}"
EndProject
Global
	GlobalSection(SolutionConfigurationPlatforms) = preSolution
		Ad-Hoc|Any CPU = Ad-Hoc|Any CPU
		Ad-Hoc|iPhone = Ad-Hoc|iPhone
		Ad-Hoc|iPhoneSimulator = Ad-Hoc|iPhoneSimulator
		Ad-Hoc|Mixed Platforms = Ad-Hoc|Mixed Platforms
		AppStore|Any CPU = AppStore|Any CPU
		AppStore|iPhone = AppStore|iPhone
		AppStore|iPhoneSimulator = AppStore|iPhoneSimulator
		AppStore|Mixed Platforms = AppStore|Mixed Platforms
		Debug|Any CPU = Debug|Any CPU
		Debug|iPhone = Debug|iPhone
		Debug|iPhoneSimulator = Debug|iPhoneSimulator
		Debug|Mixed Platforms = Debug|Mixed Platforms
		Release|Any CPU = Release|Any CPU
		Release|iPhone = Release|iPhone
		Release|iPhoneSimulator = Release|iPhoneSimulator
		Release|Mixed Platforms = Release|Mixed Platforms
	EndGlobalSection
	GlobalSection(ProjectConfigurationPlatforms) = postSolution
		{6BE90D89-5FDD-4FA1-85B8-97D2840F9A62}.Ad-Hoc|Any CPU.ActiveCfg = Release|Any CPU
		{6BE90D89-5FDD-4FA1-85B8-97D2840F9A62}.Ad-Hoc|Any CPU.Build.0 = Release|Any CPU
		{6BE90D89-5FDD-4FA1-85B8-97D2840F9A62}.Ad-Hoc|iPhone.ActiveCfg = Release|Any CPU
		{6BE90D89-5FDD-4FA1-85B8-97D2840F9A62}.Ad-Hoc|iPhoneSimulator.ActiveCfg = Release|Any CPU
		{6BE90D89-5FDD-4FA1-85B8-97D2840F9A62}.Ad-Hoc|Mixed Platforms.ActiveCfg = Release|Any CPU
		{6BE90D89-5FDD-4FA1-85B8-97D2840F9A62}.Ad-Hoc|Mixed Platforms.Build.0 = Release|Any CPU
		{6BE90D89-5FDD-4FA1-85B8-97D2840F9A62}.AppStore|Any CPU.ActiveCfg = Release|Any CPU
		{6BE90D89-5FDD-4FA1-85B8-97D2840F9A62}.AppStore|Any CPU.Build.0 = Release|Any CPU
		{6BE90D89-5FDD-4FA1-85B8-97D2840F9A62}.AppStore|iPhone.ActiveCfg = Release|Any CPU
		{6BE90D89-5FDD-4FA1-85B8-97D2840F9A62}.AppStore|iPhoneSimulator.ActiveCfg = Release|Any CPU
		{6BE90D89-5FDD-4FA1-85B8-97D2840F9A62}.AppStore|Mixed Platforms.ActiveCfg = Release|Any CPU
		{6BE90D89-5FDD-4FA1-85B8-97D2840F9A62}.AppStore|Mixed Platforms.Build.0 = Release|Any CPU
		{6BE90D89-5FDD-4FA1-85B8-97D2840F9A62}.Debug|Any CPU.ActiveCfg = Debug|Any CPU
		{6BE90D89-5FDD-4FA1-85B8-97D2840F9A62}.Debug|Any CPU.Build.0 = Debug|Any CPU
		{6BE90D89-5FDD-4FA1-85B8-97D2840F9A62}.Debug|iPhone.ActiveCfg = Debug|Any CPU
		{6BE90D89-5FDD-4FA1-85B8-97D2840F9A62}.Debug|iPhoneSimulator.ActiveCfg = Debug|Any CPU
		{6BE90D89-5FDD-4FA1-85B8-97D2840F9A62}.Debug|Mixed Platforms.ActiveCfg = Debug|Any CPU
		{6BE90D89-5FDD-4FA1-85B8-97D2840F9A62}.Debug|Mixed Platforms.Build.0 = Debug|Any CPU
		{6BE90D89-5FDD-4FA1-85B8-97D2840F9A62}.Release|Any CPU.ActiveCfg = Release|Any CPU
		{6BE90D89-5FDD-4FA1-85B8-97D2840F9A62}.Release|Any CPU.Build.0 = Release|Any CPU
		{6BE90D89-5FDD-4FA1-85B8-97D2840F9A62}.Release|iPhone.ActiveCfg = Release|Any CPU
		{6BE90D89-5FDD-4FA1-85B8-97D2840F9A62}.Release|iPhoneSimulator.ActiveCfg = Release|Any CPU
		{6BE90D89-5FDD-4FA1-85B8-97D2840F9A62}.Release|Mixed Platforms.ActiveCfg = Release|Any CPU
		{6BE90D89-5FDD-4FA1-85B8-97D2840F9A62}.Release|Mixed Platforms.Build.0 = Release|Any CPU
		{AC832E3D-2FDA-43B0-8248-AB3E5F33DD0C}.Ad-Hoc|Any CPU.ActiveCfg = Release|Any CPU
		{AC832E3D-2FDA-43B0-8248-AB3E5F33DD0C}.Ad-Hoc|Any CPU.Build.0 = Release|Any CPU
		{AC832E3D-2FDA-43B0-8248-AB3E5F33DD0C}.Ad-Hoc|iPhone.ActiveCfg = Release|Any CPU
		{AC832E3D-2FDA-43B0-8248-AB3E5F33DD0C}.Ad-Hoc|iPhoneSimulator.ActiveCfg = Release|Any CPU
		{AC832E3D-2FDA-43B0-8248-AB3E5F33DD0C}.Ad-Hoc|Mixed Platforms.ActiveCfg = Release|Any CPU
		{AC832E3D-2FDA-43B0-8248-AB3E5F33DD0C}.Ad-Hoc|Mixed Platforms.Build.0 = Release|Any CPU
		{AC832E3D-2FDA-43B0-8248-AB3E5F33DD0C}.AppStore|Any CPU.ActiveCfg = Release|Any CPU
		{AC832E3D-2FDA-43B0-8248-AB3E5F33DD0C}.AppStore|Any CPU.Build.0 = Release|Any CPU
		{AC832E3D-2FDA-43B0-8248-AB3E5F33DD0C}.AppStore|iPhone.ActiveCfg = Release|Any CPU
		{AC832E3D-2FDA-43B0-8248-AB3E5F33DD0C}.AppStore|iPhoneSimulator.ActiveCfg = Release|Any CPU
		{AC832E3D-2FDA-43B0-8248-AB3E5F33DD0C}.AppStore|Mixed Platforms.ActiveCfg = Release|Any CPU
		{AC832E3D-2FDA-43B0-8248-AB3E5F33DD0C}.AppStore|Mixed Platforms.Build.0 = Release|Any CPU
		{AC832E3D-2FDA-43B0-8248-AB3E5F33DD0C}.Debug|Any CPU.ActiveCfg = Debug|Any CPU
		{AC832E3D-2FDA-43B0-8248-AB3E5F33DD0C}.Debug|Any CPU.Build.0 = Debug|Any CPU
		{AC832E3D-2FDA-43B0-8248-AB3E5F33DD0C}.Debug|iPhone.ActiveCfg = Debug|Any CPU
		{AC832E3D-2FDA-43B0-8248-AB3E5F33DD0C}.Debug|iPhoneSimulator.ActiveCfg = Debug|Any CPU
		{AC832E3D-2FDA-43B0-8248-AB3E5F33DD0C}.Debug|Mixed Platforms.ActiveCfg = Debug|Any CPU
		{AC832E3D-2FDA-43B0-8248-AB3E5F33DD0C}.Debug|Mixed Platforms.Build.0 = Debug|Any CPU
		{AC832E3D-2FDA-43B0-8248-AB3E5F33DD0C}.Release|Any CPU.ActiveCfg = Release|Any CPU
		{AC832E3D-2FDA-43B0-8248-AB3E5F33DD0C}.Release|Any CPU.Build.0 = Release|Any CPU
		{AC832E3D-2FDA-43B0-8248-AB3E5F33DD0C}.Release|iPhone.ActiveCfg = Release|Any CPU
		{AC832E3D-2FDA-43B0-8248-AB3E5F33DD0C}.Release|iPhoneSimulator.ActiveCfg = Release|Any CPU
		{AC832E3D-2FDA-43B0-8248-AB3E5F33DD0C}.Release|Mixed Platforms.ActiveCfg = Release|Any CPU
		{AC832E3D-2FDA-43B0-8248-AB3E5F33DD0C}.Release|Mixed Platforms.Build.0 = Release|Any CPU
		{AD684939-3CE0-4AB2-BA9C-89FF2822269F}.Ad-Hoc|Any CPU.ActiveCfg = Release|Any CPU
		{AD684939-3CE0-4AB2-BA9C-89FF2822269F}.Ad-Hoc|Any CPU.Build.0 = Release|Any CPU
		{AD684939-3CE0-4AB2-BA9C-89FF2822269F}.Ad-Hoc|iPhone.ActiveCfg = Release|Any CPU
		{AD684939-3CE0-4AB2-BA9C-89FF2822269F}.Ad-Hoc|iPhoneSimulator.ActiveCfg = Release|Any CPU
		{AD684939-3CE0-4AB2-BA9C-89FF2822269F}.Ad-Hoc|Mixed Platforms.ActiveCfg = Release|Any CPU
		{AD684939-3CE0-4AB2-BA9C-89FF2822269F}.Ad-Hoc|Mixed Platforms.Build.0 = Release|Any CPU
		{AD684939-3CE0-4AB2-BA9C-89FF2822269F}.AppStore|Any CPU.ActiveCfg = Release|Any CPU
		{AD684939-3CE0-4AB2-BA9C-89FF2822269F}.AppStore|Any CPU.Build.0 = Release|Any CPU
		{AD684939-3CE0-4AB2-BA9C-89FF2822269F}.AppStore|iPhone.ActiveCfg = Release|Any CPU
		{AD684939-3CE0-4AB2-BA9C-89FF2822269F}.AppStore|iPhoneSimulator.ActiveCfg = Release|Any CPU
		{AD684939-3CE0-4AB2-BA9C-89FF2822269F}.AppStore|Mixed Platforms.ActiveCfg = Release|Any CPU
		{AD684939-3CE0-4AB2-BA9C-89FF2822269F}.AppStore|Mixed Platforms.Build.0 = Release|Any CPU
		{AD684939-3CE0-4AB2-BA9C-89FF2822269F}.Debug|Any CPU.ActiveCfg = Debug|Any CPU
		{AD684939-3CE0-4AB2-BA9C-89FF2822269F}.Debug|Any CPU.Build.0 = Debug|Any CPU
		{AD684939-3CE0-4AB2-BA9C-89FF2822269F}.Debug|iPhone.ActiveCfg = Debug|Any CPU
		{AD684939-3CE0-4AB2-BA9C-89FF2822269F}.Debug|iPhoneSimulator.ActiveCfg = Debug|Any CPU
		{AD684939-3CE0-4AB2-BA9C-89FF2822269F}.Debug|Mixed Platforms.ActiveCfg = Debug|Any CPU
		{AD684939-3CE0-4AB2-BA9C-89FF2822269F}.Debug|Mixed Platforms.Build.0 = Debug|Any CPU
		{AD684939-3CE0-4AB2-BA9C-89FF2822269F}.Release|Any CPU.ActiveCfg = Release|Any CPU
		{AD684939-3CE0-4AB2-BA9C-89FF2822269F}.Release|Any CPU.Build.0 = Release|Any CPU
		{AD684939-3CE0-4AB2-BA9C-89FF2822269F}.Release|iPhone.ActiveCfg = Release|Any CPU
		{AD684939-3CE0-4AB2-BA9C-89FF2822269F}.Release|iPhoneSimulator.ActiveCfg = Release|Any CPU
		{AD684939-3CE0-4AB2-BA9C-89FF2822269F}.Release|Mixed Platforms.ActiveCfg = Release|Any CPU
		{AD684939-3CE0-4AB2-BA9C-89FF2822269F}.Release|Mixed Platforms.Build.0 = Release|Any CPU
		{37E7B0D5-277E-4EBE-ACB5-4B57D9105F1B}.Ad-Hoc|Any CPU.ActiveCfg = Release|Any CPU
		{37E7B0D5-277E-4EBE-ACB5-4B57D9105F1B}.Ad-Hoc|Any CPU.Build.0 = Release|Any CPU
		{37E7B0D5-277E-4EBE-ACB5-4B57D9105F1B}.Ad-Hoc|iPhone.ActiveCfg = Release|Any CPU
		{37E7B0D5-277E-4EBE-ACB5-4B57D9105F1B}.Ad-Hoc|iPhoneSimulator.ActiveCfg = Release|Any CPU
		{37E7B0D5-277E-4EBE-ACB5-4B57D9105F1B}.Ad-Hoc|Mixed Platforms.ActiveCfg = Release|Any CPU
		{37E7B0D5-277E-4EBE-ACB5-4B57D9105F1B}.Ad-Hoc|Mixed Platforms.Build.0 = Release|Any CPU
		{37E7B0D5-277E-4EBE-ACB5-4B57D9105F1B}.AppStore|Any CPU.ActiveCfg = Release|Any CPU
		{37E7B0D5-277E-4EBE-ACB5-4B57D9105F1B}.AppStore|Any CPU.Build.0 = Release|Any CPU
		{37E7B0D5-277E-4EBE-ACB5-4B57D9105F1B}.AppStore|iPhone.ActiveCfg = Release|Any CPU
		{37E7B0D5-277E-4EBE-ACB5-4B57D9105F1B}.AppStore|iPhoneSimulator.ActiveCfg = Release|Any CPU
		{37E7B0D5-277E-4EBE-ACB5-4B57D9105F1B}.AppStore|Mixed Platforms.ActiveCfg = Release|Any CPU
		{37E7B0D5-277E-4EBE-ACB5-4B57D9105F1B}.AppStore|Mixed Platforms.Build.0 = Release|Any CPU
		{37E7B0D5-277E-4EBE-ACB5-4B57D9105F1B}.Debug|Any CPU.ActiveCfg = Debug|Any CPU
		{37E7B0D5-277E-4EBE-ACB5-4B57D9105F1B}.Debug|Any CPU.Build.0 = Debug|Any CPU
		{37E7B0D5-277E-4EBE-ACB5-4B57D9105F1B}.Debug|iPhone.ActiveCfg = Debug|Any CPU
		{37E7B0D5-277E-4EBE-ACB5-4B57D9105F1B}.Debug|iPhoneSimulator.ActiveCfg = Debug|Any CPU
		{37E7B0D5-277E-4EBE-ACB5-4B57D9105F1B}.Debug|Mixed Platforms.ActiveCfg = Debug|Any CPU
		{37E7B0D5-277E-4EBE-ACB5-4B57D9105F1B}.Debug|Mixed Platforms.Build.0 = Debug|Any CPU
		{37E7B0D5-277E-4EBE-ACB5-4B57D9105F1B}.Release|Any CPU.ActiveCfg = Release|Any CPU
		{37E7B0D5-277E-4EBE-ACB5-4B57D9105F1B}.Release|Any CPU.Build.0 = Release|Any CPU
		{37E7B0D5-277E-4EBE-ACB5-4B57D9105F1B}.Release|iPhone.ActiveCfg = Release|Any CPU
		{37E7B0D5-277E-4EBE-ACB5-4B57D9105F1B}.Release|iPhoneSimulator.ActiveCfg = Release|Any CPU
		{37E7B0D5-277E-4EBE-ACB5-4B57D9105F1B}.Release|Mixed Platforms.ActiveCfg = Release|Any CPU
		{37E7B0D5-277E-4EBE-ACB5-4B57D9105F1B}.Release|Mixed Platforms.Build.0 = Release|Any CPU
		{2164E1FE-0314-454B-959E-C36C1CD08FAB}.Ad-Hoc|Any CPU.ActiveCfg = Release|Any CPU
		{2164E1FE-0314-454B-959E-C36C1CD08FAB}.Ad-Hoc|Any CPU.Build.0 = Release|Any CPU
		{2164E1FE-0314-454B-959E-C36C1CD08FAB}.Ad-Hoc|iPhone.ActiveCfg = Release|Any CPU
		{2164E1FE-0314-454B-959E-C36C1CD08FAB}.Ad-Hoc|iPhoneSimulator.ActiveCfg = Release|Any CPU
		{2164E1FE-0314-454B-959E-C36C1CD08FAB}.Ad-Hoc|Mixed Platforms.ActiveCfg = Release|Any CPU
		{2164E1FE-0314-454B-959E-C36C1CD08FAB}.Ad-Hoc|Mixed Platforms.Build.0 = Release|Any CPU
		{2164E1FE-0314-454B-959E-C36C1CD08FAB}.AppStore|Any CPU.ActiveCfg = Release|Any CPU
		{2164E1FE-0314-454B-959E-C36C1CD08FAB}.AppStore|Any CPU.Build.0 = Release|Any CPU
		{2164E1FE-0314-454B-959E-C36C1CD08FAB}.AppStore|iPhone.ActiveCfg = Release|Any CPU
		{2164E1FE-0314-454B-959E-C36C1CD08FAB}.AppStore|iPhoneSimulator.ActiveCfg = Release|Any CPU
		{2164E1FE-0314-454B-959E-C36C1CD08FAB}.AppStore|Mixed Platforms.ActiveCfg = Release|Any CPU
		{2164E1FE-0314-454B-959E-C36C1CD08FAB}.AppStore|Mixed Platforms.Build.0 = Release|Any CPU
		{2164E1FE-0314-454B-959E-C36C1CD08FAB}.Debug|Any CPU.ActiveCfg = Debug|Any CPU
		{2164E1FE-0314-454B-959E-C36C1CD08FAB}.Debug|Any CPU.Build.0 = Debug|Any CPU
		{2164E1FE-0314-454B-959E-C36C1CD08FAB}.Debug|iPhone.ActiveCfg = Debug|Any CPU
		{2164E1FE-0314-454B-959E-C36C1CD08FAB}.Debug|iPhoneSimulator.ActiveCfg = Debug|Any CPU
		{2164E1FE-0314-454B-959E-C36C1CD08FAB}.Debug|Mixed Platforms.ActiveCfg = Debug|Any CPU
		{2164E1FE-0314-454B-959E-C36C1CD08FAB}.Debug|Mixed Platforms.Build.0 = Debug|Any CPU
		{2164E1FE-0314-454B-959E-C36C1CD08FAB}.Release|Any CPU.ActiveCfg = Release|Any CPU
		{2164E1FE-0314-454B-959E-C36C1CD08FAB}.Release|Any CPU.Build.0 = Release|Any CPU
		{2164E1FE-0314-454B-959E-C36C1CD08FAB}.Release|iPhone.ActiveCfg = Release|Any CPU
		{2164E1FE-0314-454B-959E-C36C1CD08FAB}.Release|iPhoneSimulator.ActiveCfg = Release|Any CPU
		{2164E1FE-0314-454B-959E-C36C1CD08FAB}.Release|Mixed Platforms.ActiveCfg = Release|Any CPU
		{2164E1FE-0314-454B-959E-C36C1CD08FAB}.Release|Mixed Platforms.Build.0 = Release|Any CPU
		{095A02BA-3F6F-4086-ADD9-70AB3E246420}.Ad-Hoc|Any CPU.ActiveCfg = Release|Any CPU
		{095A02BA-3F6F-4086-ADD9-70AB3E246420}.Ad-Hoc|Any CPU.Build.0 = Release|Any CPU
		{095A02BA-3F6F-4086-ADD9-70AB3E246420}.Ad-Hoc|iPhone.ActiveCfg = Release|Any CPU
		{095A02BA-3F6F-4086-ADD9-70AB3E246420}.Ad-Hoc|iPhoneSimulator.ActiveCfg = Release|Any CPU
		{095A02BA-3F6F-4086-ADD9-70AB3E246420}.Ad-Hoc|Mixed Platforms.ActiveCfg = Release|Any CPU
		{095A02BA-3F6F-4086-ADD9-70AB3E246420}.Ad-Hoc|Mixed Platforms.Build.0 = Release|Any CPU
		{095A02BA-3F6F-4086-ADD9-70AB3E246420}.AppStore|Any CPU.ActiveCfg = Release|Any CPU
		{095A02BA-3F6F-4086-ADD9-70AB3E246420}.AppStore|Any CPU.Build.0 = Release|Any CPU
		{095A02BA-3F6F-4086-ADD9-70AB3E246420}.AppStore|iPhone.ActiveCfg = Release|Any CPU
		{095A02BA-3F6F-4086-ADD9-70AB3E246420}.AppStore|iPhoneSimulator.ActiveCfg = Release|Any CPU
		{095A02BA-3F6F-4086-ADD9-70AB3E246420}.AppStore|Mixed Platforms.ActiveCfg = Release|Any CPU
		{095A02BA-3F6F-4086-ADD9-70AB3E246420}.AppStore|Mixed Platforms.Build.0 = Release|Any CPU
		{095A02BA-3F6F-4086-ADD9-70AB3E246420}.Debug|Any CPU.ActiveCfg = Debug|Any CPU
		{095A02BA-3F6F-4086-ADD9-70AB3E246420}.Debug|Any CPU.Build.0 = Debug|Any CPU
		{095A02BA-3F6F-4086-ADD9-70AB3E246420}.Debug|iPhone.ActiveCfg = Debug|Any CPU
		{095A02BA-3F6F-4086-ADD9-70AB3E246420}.Debug|iPhoneSimulator.ActiveCfg = Debug|Any CPU
		{095A02BA-3F6F-4086-ADD9-70AB3E246420}.Debug|Mixed Platforms.ActiveCfg = Debug|Any CPU
		{095A02BA-3F6F-4086-ADD9-70AB3E246420}.Debug|Mixed Platforms.Build.0 = Debug|Any CPU
		{095A02BA-3F6F-4086-ADD9-70AB3E246420}.Release|Any CPU.ActiveCfg = Release|Any CPU
		{095A02BA-3F6F-4086-ADD9-70AB3E246420}.Release|Any CPU.Build.0 = Release|Any CPU
		{095A02BA-3F6F-4086-ADD9-70AB3E246420}.Release|iPhone.ActiveCfg = Release|Any CPU
		{095A02BA-3F6F-4086-ADD9-70AB3E246420}.Release|iPhoneSimulator.ActiveCfg = Release|Any CPU
		{095A02BA-3F6F-4086-ADD9-70AB3E246420}.Release|Mixed Platforms.ActiveCfg = Release|Any CPU
		{095A02BA-3F6F-4086-ADD9-70AB3E246420}.Release|Mixed Platforms.Build.0 = Release|Any CPU
		{41609FE9-8096-4D9D-8BDF-C31C99E6577C}.Ad-Hoc|Any CPU.ActiveCfg = Release|Any CPU
		{41609FE9-8096-4D9D-8BDF-C31C99E6577C}.Ad-Hoc|Any CPU.Build.0 = Release|Any CPU
		{41609FE9-8096-4D9D-8BDF-C31C99E6577C}.Ad-Hoc|iPhone.ActiveCfg = Release|Any CPU
		{41609FE9-8096-4D9D-8BDF-C31C99E6577C}.Ad-Hoc|iPhoneSimulator.ActiveCfg = Release|Any CPU
		{41609FE9-8096-4D9D-8BDF-C31C99E6577C}.Ad-Hoc|Mixed Platforms.ActiveCfg = Release|Any CPU
		{41609FE9-8096-4D9D-8BDF-C31C99E6577C}.Ad-Hoc|Mixed Platforms.Build.0 = Release|Any CPU
		{41609FE9-8096-4D9D-8BDF-C31C99E6577C}.AppStore|Any CPU.ActiveCfg = Release|Any CPU
		{41609FE9-8096-4D9D-8BDF-C31C99E6577C}.AppStore|Any CPU.Build.0 = Release|Any CPU
		{41609FE9-8096-4D9D-8BDF-C31C99E6577C}.AppStore|iPhone.ActiveCfg = Release|Any CPU
		{41609FE9-8096-4D9D-8BDF-C31C99E6577C}.AppStore|iPhoneSimulator.ActiveCfg = Release|Any CPU
		{41609FE9-8096-4D9D-8BDF-C31C99E6577C}.AppStore|Mixed Platforms.ActiveCfg = Release|Any CPU
		{41609FE9-8096-4D9D-8BDF-C31C99E6577C}.AppStore|Mixed Platforms.Build.0 = Release|Any CPU
		{41609FE9-8096-4D9D-8BDF-C31C99E6577C}.Debug|Any CPU.ActiveCfg = Debug|Any CPU
		{41609FE9-8096-4D9D-8BDF-C31C99E6577C}.Debug|Any CPU.Build.0 = Debug|Any CPU
		{41609FE9-8096-4D9D-8BDF-C31C99E6577C}.Debug|iPhone.ActiveCfg = Debug|Any CPU
		{41609FE9-8096-4D9D-8BDF-C31C99E6577C}.Debug|iPhoneSimulator.ActiveCfg = Debug|Any CPU
		{41609FE9-8096-4D9D-8BDF-C31C99E6577C}.Debug|Mixed Platforms.ActiveCfg = Debug|Any CPU
		{41609FE9-8096-4D9D-8BDF-C31C99E6577C}.Debug|Mixed Platforms.Build.0 = Debug|Any CPU
		{41609FE9-8096-4D9D-8BDF-C31C99E6577C}.Release|Any CPU.ActiveCfg = Release|Any CPU
		{41609FE9-8096-4D9D-8BDF-C31C99E6577C}.Release|Any CPU.Build.0 = Release|Any CPU
		{41609FE9-8096-4D9D-8BDF-C31C99E6577C}.Release|iPhone.ActiveCfg = Release|Any CPU
		{41609FE9-8096-4D9D-8BDF-C31C99E6577C}.Release|iPhoneSimulator.ActiveCfg = Release|Any CPU
		{41609FE9-8096-4D9D-8BDF-C31C99E6577C}.Release|Mixed Platforms.ActiveCfg = Release|Any CPU
		{41609FE9-8096-4D9D-8BDF-C31C99E6577C}.Release|Mixed Platforms.Build.0 = Release|Any CPU
		{2DE76276-6A7B-4AEA-B6C2-8114637FCE25}.Ad-Hoc|Any CPU.ActiveCfg = Release|Any CPU
		{2DE76276-6A7B-4AEA-B6C2-8114637FCE25}.Ad-Hoc|Any CPU.Build.0 = Release|Any CPU
		{2DE76276-6A7B-4AEA-B6C2-8114637FCE25}.Ad-Hoc|iPhone.ActiveCfg = Release|Any CPU
		{2DE76276-6A7B-4AEA-B6C2-8114637FCE25}.Ad-Hoc|iPhoneSimulator.ActiveCfg = Release|Any CPU
		{2DE76276-6A7B-4AEA-B6C2-8114637FCE25}.Ad-Hoc|Mixed Platforms.ActiveCfg = Release|Any CPU
		{2DE76276-6A7B-4AEA-B6C2-8114637FCE25}.Ad-Hoc|Mixed Platforms.Build.0 = Release|Any CPU
		{2DE76276-6A7B-4AEA-B6C2-8114637FCE25}.AppStore|Any CPU.ActiveCfg = Release|Any CPU
		{2DE76276-6A7B-4AEA-B6C2-8114637FCE25}.AppStore|Any CPU.Build.0 = Release|Any CPU
		{2DE76276-6A7B-4AEA-B6C2-8114637FCE25}.AppStore|iPhone.ActiveCfg = Release|Any CPU
		{2DE76276-6A7B-4AEA-B6C2-8114637FCE25}.AppStore|iPhoneSimulator.ActiveCfg = Release|Any CPU
		{2DE76276-6A7B-4AEA-B6C2-8114637FCE25}.AppStore|Mixed Platforms.ActiveCfg = Release|Any CPU
		{2DE76276-6A7B-4AEA-B6C2-8114637FCE25}.AppStore|Mixed Platforms.Build.0 = Release|Any CPU
		{2DE76276-6A7B-4AEA-B6C2-8114637FCE25}.Debug|Any CPU.ActiveCfg = Debug|Any CPU
		{2DE76276-6A7B-4AEA-B6C2-8114637FCE25}.Debug|Any CPU.Build.0 = Debug|Any CPU
		{2DE76276-6A7B-4AEA-B6C2-8114637FCE25}.Debug|iPhone.ActiveCfg = Debug|Any CPU
		{2DE76276-6A7B-4AEA-B6C2-8114637FCE25}.Debug|iPhoneSimulator.ActiveCfg = Debug|Any CPU
		{2DE76276-6A7B-4AEA-B6C2-8114637FCE25}.Debug|Mixed Platforms.ActiveCfg = Debug|Any CPU
		{2DE76276-6A7B-4AEA-B6C2-8114637FCE25}.Debug|Mixed Platforms.Build.0 = Debug|Any CPU
		{2DE76276-6A7B-4AEA-B6C2-8114637FCE25}.Release|Any CPU.ActiveCfg = Release|Any CPU
		{2DE76276-6A7B-4AEA-B6C2-8114637FCE25}.Release|Any CPU.Build.0 = Release|Any CPU
		{2DE76276-6A7B-4AEA-B6C2-8114637FCE25}.Release|iPhone.ActiveCfg = Release|Any CPU
		{2DE76276-6A7B-4AEA-B6C2-8114637FCE25}.Release|iPhoneSimulator.ActiveCfg = Release|Any CPU
		{2DE76276-6A7B-4AEA-B6C2-8114637FCE25}.Release|Mixed Platforms.ActiveCfg = Release|Any CPU
		{2DE76276-6A7B-4AEA-B6C2-8114637FCE25}.Release|Mixed Platforms.Build.0 = Release|Any CPU
		{A0D4DEDB-655B-42E4-9430-EEBC54EE6112}.Ad-Hoc|Any CPU.ActiveCfg = Release|Any CPU
		{A0D4DEDB-655B-42E4-9430-EEBC54EE6112}.Ad-Hoc|Any CPU.Build.0 = Release|Any CPU
		{A0D4DEDB-655B-42E4-9430-EEBC54EE6112}.Ad-Hoc|iPhone.ActiveCfg = Release|Any CPU
		{A0D4DEDB-655B-42E4-9430-EEBC54EE6112}.Ad-Hoc|iPhoneSimulator.ActiveCfg = Release|Any CPU
		{A0D4DEDB-655B-42E4-9430-EEBC54EE6112}.Ad-Hoc|Mixed Platforms.ActiveCfg = Release|Any CPU
		{A0D4DEDB-655B-42E4-9430-EEBC54EE6112}.Ad-Hoc|Mixed Platforms.Build.0 = Release|Any CPU
		{A0D4DEDB-655B-42E4-9430-EEBC54EE6112}.AppStore|Any CPU.ActiveCfg = Release|Any CPU
		{A0D4DEDB-655B-42E4-9430-EEBC54EE6112}.AppStore|Any CPU.Build.0 = Release|Any CPU
		{A0D4DEDB-655B-42E4-9430-EEBC54EE6112}.AppStore|iPhone.ActiveCfg = Release|Any CPU
		{A0D4DEDB-655B-42E4-9430-EEBC54EE6112}.AppStore|iPhoneSimulator.ActiveCfg = Release|Any CPU
		{A0D4DEDB-655B-42E4-9430-EEBC54EE6112}.AppStore|Mixed Platforms.ActiveCfg = Release|Any CPU
		{A0D4DEDB-655B-42E4-9430-EEBC54EE6112}.AppStore|Mixed Platforms.Build.0 = Release|Any CPU
		{A0D4DEDB-655B-42E4-9430-EEBC54EE6112}.Debug|Any CPU.ActiveCfg = Debug|Any CPU
		{A0D4DEDB-655B-42E4-9430-EEBC54EE6112}.Debug|Any CPU.Build.0 = Debug|Any CPU
		{A0D4DEDB-655B-42E4-9430-EEBC54EE6112}.Debug|iPhone.ActiveCfg = Debug|Any CPU
		{A0D4DEDB-655B-42E4-9430-EEBC54EE6112}.Debug|iPhoneSimulator.ActiveCfg = Debug|Any CPU
		{A0D4DEDB-655B-42E4-9430-EEBC54EE6112}.Debug|Mixed Platforms.ActiveCfg = Debug|Any CPU
		{A0D4DEDB-655B-42E4-9430-EEBC54EE6112}.Debug|Mixed Platforms.Build.0 = Debug|Any CPU
		{A0D4DEDB-655B-42E4-9430-EEBC54EE6112}.Release|Any CPU.ActiveCfg = Release|Any CPU
		{A0D4DEDB-655B-42E4-9430-EEBC54EE6112}.Release|Any CPU.Build.0 = Release|Any CPU
		{A0D4DEDB-655B-42E4-9430-EEBC54EE6112}.Release|iPhone.ActiveCfg = Release|Any CPU
		{A0D4DEDB-655B-42E4-9430-EEBC54EE6112}.Release|iPhoneSimulator.ActiveCfg = Release|Any CPU
		{A0D4DEDB-655B-42E4-9430-EEBC54EE6112}.Release|Mixed Platforms.ActiveCfg = Release|Any CPU
		{A0D4DEDB-655B-42E4-9430-EEBC54EE6112}.Release|Mixed Platforms.Build.0 = Release|Any CPU
		{C1B6738A-B44A-4602-AE25-7E2CCA5B6F59}.Ad-Hoc|Any CPU.ActiveCfg = Release|Any CPU
		{C1B6738A-B44A-4602-AE25-7E2CCA5B6F59}.Ad-Hoc|Any CPU.Build.0 = Release|Any CPU
		{C1B6738A-B44A-4602-AE25-7E2CCA5B6F59}.Ad-Hoc|iPhone.ActiveCfg = Release|Any CPU
		{C1B6738A-B44A-4602-AE25-7E2CCA5B6F59}.Ad-Hoc|iPhoneSimulator.ActiveCfg = Release|Any CPU
		{C1B6738A-B44A-4602-AE25-7E2CCA5B6F59}.Ad-Hoc|Mixed Platforms.ActiveCfg = Release|Any CPU
		{C1B6738A-B44A-4602-AE25-7E2CCA5B6F59}.Ad-Hoc|Mixed Platforms.Build.0 = Release|Any CPU
		{C1B6738A-B44A-4602-AE25-7E2CCA5B6F59}.AppStore|Any CPU.ActiveCfg = Release|Any CPU
		{C1B6738A-B44A-4602-AE25-7E2CCA5B6F59}.AppStore|Any CPU.Build.0 = Release|Any CPU
		{C1B6738A-B44A-4602-AE25-7E2CCA5B6F59}.AppStore|iPhone.ActiveCfg = Release|Any CPU
		{C1B6738A-B44A-4602-AE25-7E2CCA5B6F59}.AppStore|iPhoneSimulator.ActiveCfg = Release|Any CPU
		{C1B6738A-B44A-4602-AE25-7E2CCA5B6F59}.AppStore|Mixed Platforms.ActiveCfg = Release|Any CPU
		{C1B6738A-B44A-4602-AE25-7E2CCA5B6F59}.AppStore|Mixed Platforms.Build.0 = Release|Any CPU
		{C1B6738A-B44A-4602-AE25-7E2CCA5B6F59}.Debug|Any CPU.ActiveCfg = Debug|Any CPU
		{C1B6738A-B44A-4602-AE25-7E2CCA5B6F59}.Debug|Any CPU.Build.0 = Debug|Any CPU
		{C1B6738A-B44A-4602-AE25-7E2CCA5B6F59}.Debug|iPhone.ActiveCfg = Debug|Any CPU
		{C1B6738A-B44A-4602-AE25-7E2CCA5B6F59}.Debug|iPhoneSimulator.ActiveCfg = Debug|Any CPU
		{C1B6738A-B44A-4602-AE25-7E2CCA5B6F59}.Debug|Mixed Platforms.ActiveCfg = Debug|Any CPU
		{C1B6738A-B44A-4602-AE25-7E2CCA5B6F59}.Debug|Mixed Platforms.Build.0 = Debug|Any CPU
		{C1B6738A-B44A-4602-AE25-7E2CCA5B6F59}.Release|Any CPU.ActiveCfg = Release|Any CPU
		{C1B6738A-B44A-4602-AE25-7E2CCA5B6F59}.Release|Any CPU.Build.0 = Release|Any CPU
		{C1B6738A-B44A-4602-AE25-7E2CCA5B6F59}.Release|iPhone.ActiveCfg = Release|Any CPU
		{C1B6738A-B44A-4602-AE25-7E2CCA5B6F59}.Release|iPhoneSimulator.ActiveCfg = Release|Any CPU
		{C1B6738A-B44A-4602-AE25-7E2CCA5B6F59}.Release|Mixed Platforms.ActiveCfg = Release|Any CPU
		{C1B6738A-B44A-4602-AE25-7E2CCA5B6F59}.Release|Mixed Platforms.Build.0 = Release|Any CPU
		{6ECB6EC6-076D-47C2-97C4-3EC84B434274}.Ad-Hoc|Any CPU.ActiveCfg = Release|Any CPU
		{6ECB6EC6-076D-47C2-97C4-3EC84B434274}.Ad-Hoc|Any CPU.Build.0 = Release|Any CPU
		{6ECB6EC6-076D-47C2-97C4-3EC84B434274}.Ad-Hoc|iPhone.ActiveCfg = Release|Any CPU
		{6ECB6EC6-076D-47C2-97C4-3EC84B434274}.Ad-Hoc|iPhoneSimulator.ActiveCfg = Release|Any CPU
		{6ECB6EC6-076D-47C2-97C4-3EC84B434274}.Ad-Hoc|Mixed Platforms.ActiveCfg = Release|Any CPU
		{6ECB6EC6-076D-47C2-97C4-3EC84B434274}.Ad-Hoc|Mixed Platforms.Build.0 = Release|Any CPU
		{6ECB6EC6-076D-47C2-97C4-3EC84B434274}.AppStore|Any CPU.ActiveCfg = Release|Any CPU
		{6ECB6EC6-076D-47C2-97C4-3EC84B434274}.AppStore|Any CPU.Build.0 = Release|Any CPU
		{6ECB6EC6-076D-47C2-97C4-3EC84B434274}.AppStore|iPhone.ActiveCfg = Release|Any CPU
		{6ECB6EC6-076D-47C2-97C4-3EC84B434274}.AppStore|iPhoneSimulator.ActiveCfg = Release|Any CPU
		{6ECB6EC6-076D-47C2-97C4-3EC84B434274}.AppStore|Mixed Platforms.ActiveCfg = Release|Any CPU
		{6ECB6EC6-076D-47C2-97C4-3EC84B434274}.AppStore|Mixed Platforms.Build.0 = Release|Any CPU
		{6ECB6EC6-076D-47C2-97C4-3EC84B434274}.Debug|Any CPU.ActiveCfg = Debug|Any CPU
		{6ECB6EC6-076D-47C2-97C4-3EC84B434274}.Debug|Any CPU.Build.0 = Debug|Any CPU
		{6ECB6EC6-076D-47C2-97C4-3EC84B434274}.Debug|iPhone.ActiveCfg = Debug|Any CPU
		{6ECB6EC6-076D-47C2-97C4-3EC84B434274}.Debug|iPhoneSimulator.ActiveCfg = Debug|Any CPU
		{6ECB6EC6-076D-47C2-97C4-3EC84B434274}.Debug|Mixed Platforms.ActiveCfg = Debug|Any CPU
		{6ECB6EC6-076D-47C2-97C4-3EC84B434274}.Debug|Mixed Platforms.Build.0 = Debug|Any CPU
		{6ECB6EC6-076D-47C2-97C4-3EC84B434274}.Release|Any CPU.ActiveCfg = Release|Any CPU
		{6ECB6EC6-076D-47C2-97C4-3EC84B434274}.Release|Any CPU.Build.0 = Release|Any CPU
		{6ECB6EC6-076D-47C2-97C4-3EC84B434274}.Release|iPhone.ActiveCfg = Release|Any CPU
		{6ECB6EC6-076D-47C2-97C4-3EC84B434274}.Release|iPhoneSimulator.ActiveCfg = Release|Any CPU
		{6ECB6EC6-076D-47C2-97C4-3EC84B434274}.Release|Mixed Platforms.ActiveCfg = Release|Any CPU
		{6ECB6EC6-076D-47C2-97C4-3EC84B434274}.Release|Mixed Platforms.Build.0 = Release|Any CPU
		{005B961A-C3E5-4A1C-BCD2-6D66703F9AA5}.Ad-Hoc|Any CPU.ActiveCfg = Release|Any CPU
		{005B961A-C3E5-4A1C-BCD2-6D66703F9AA5}.Ad-Hoc|Any CPU.Build.0 = Release|Any CPU
		{005B961A-C3E5-4A1C-BCD2-6D66703F9AA5}.Ad-Hoc|iPhone.ActiveCfg = Release|Any CPU
		{005B961A-C3E5-4A1C-BCD2-6D66703F9AA5}.Ad-Hoc|iPhoneSimulator.ActiveCfg = Release|Any CPU
		{005B961A-C3E5-4A1C-BCD2-6D66703F9AA5}.Ad-Hoc|Mixed Platforms.ActiveCfg = Release|Any CPU
		{005B961A-C3E5-4A1C-BCD2-6D66703F9AA5}.Ad-Hoc|Mixed Platforms.Build.0 = Release|Any CPU
		{005B961A-C3E5-4A1C-BCD2-6D66703F9AA5}.AppStore|Any CPU.ActiveCfg = Release|Any CPU
		{005B961A-C3E5-4A1C-BCD2-6D66703F9AA5}.AppStore|Any CPU.Build.0 = Release|Any CPU
		{005B961A-C3E5-4A1C-BCD2-6D66703F9AA5}.AppStore|iPhone.ActiveCfg = Release|Any CPU
		{005B961A-C3E5-4A1C-BCD2-6D66703F9AA5}.AppStore|iPhoneSimulator.ActiveCfg = Release|Any CPU
		{005B961A-C3E5-4A1C-BCD2-6D66703F9AA5}.AppStore|Mixed Platforms.ActiveCfg = Release|Any CPU
		{005B961A-C3E5-4A1C-BCD2-6D66703F9AA5}.AppStore|Mixed Platforms.Build.0 = Release|Any CPU
		{005B961A-C3E5-4A1C-BCD2-6D66703F9AA5}.Debug|Any CPU.ActiveCfg = Debug|Any CPU
		{005B961A-C3E5-4A1C-BCD2-6D66703F9AA5}.Debug|Any CPU.Build.0 = Debug|Any CPU
		{005B961A-C3E5-4A1C-BCD2-6D66703F9AA5}.Debug|iPhone.ActiveCfg = Debug|Any CPU
		{005B961A-C3E5-4A1C-BCD2-6D66703F9AA5}.Debug|iPhoneSimulator.ActiveCfg = Debug|Any CPU
		{005B961A-C3E5-4A1C-BCD2-6D66703F9AA5}.Debug|Mixed Platforms.ActiveCfg = Debug|Any CPU
		{005B961A-C3E5-4A1C-BCD2-6D66703F9AA5}.Debug|Mixed Platforms.Build.0 = Debug|Any CPU
		{005B961A-C3E5-4A1C-BCD2-6D66703F9AA5}.Release|Any CPU.ActiveCfg = Release|Any CPU
		{005B961A-C3E5-4A1C-BCD2-6D66703F9AA5}.Release|Any CPU.Build.0 = Release|Any CPU
		{005B961A-C3E5-4A1C-BCD2-6D66703F9AA5}.Release|iPhone.ActiveCfg = Release|Any CPU
		{005B961A-C3E5-4A1C-BCD2-6D66703F9AA5}.Release|iPhoneSimulator.ActiveCfg = Release|Any CPU
		{005B961A-C3E5-4A1C-BCD2-6D66703F9AA5}.Release|Mixed Platforms.ActiveCfg = Release|Any CPU
		{005B961A-C3E5-4A1C-BCD2-6D66703F9AA5}.Release|Mixed Platforms.Build.0 = Release|Any CPU
		{43B2EDA1-6750-4737-BDB7-E57BF2B5D736}.Ad-Hoc|Any CPU.ActiveCfg = Release|Any CPU
		{43B2EDA1-6750-4737-BDB7-E57BF2B5D736}.Ad-Hoc|Any CPU.Build.0 = Release|Any CPU
		{43B2EDA1-6750-4737-BDB7-E57BF2B5D736}.Ad-Hoc|iPhone.ActiveCfg = Release|Any CPU
		{43B2EDA1-6750-4737-BDB7-E57BF2B5D736}.Ad-Hoc|iPhoneSimulator.ActiveCfg = Release|Any CPU
		{43B2EDA1-6750-4737-BDB7-E57BF2B5D736}.Ad-Hoc|Mixed Platforms.ActiveCfg = Release|Any CPU
		{43B2EDA1-6750-4737-BDB7-E57BF2B5D736}.Ad-Hoc|Mixed Platforms.Build.0 = Release|Any CPU
		{43B2EDA1-6750-4737-BDB7-E57BF2B5D736}.AppStore|Any CPU.ActiveCfg = Release|Any CPU
		{43B2EDA1-6750-4737-BDB7-E57BF2B5D736}.AppStore|Any CPU.Build.0 = Release|Any CPU
		{43B2EDA1-6750-4737-BDB7-E57BF2B5D736}.AppStore|iPhone.ActiveCfg = Release|Any CPU
		{43B2EDA1-6750-4737-BDB7-E57BF2B5D736}.AppStore|iPhoneSimulator.ActiveCfg = Release|Any CPU
		{43B2EDA1-6750-4737-BDB7-E57BF2B5D736}.AppStore|Mixed Platforms.ActiveCfg = Release|Any CPU
		{43B2EDA1-6750-4737-BDB7-E57BF2B5D736}.AppStore|Mixed Platforms.Build.0 = Release|Any CPU
		{43B2EDA1-6750-4737-BDB7-E57BF2B5D736}.Debug|Any CPU.ActiveCfg = Debug|Any CPU
		{43B2EDA1-6750-4737-BDB7-E57BF2B5D736}.Debug|Any CPU.Build.0 = Debug|Any CPU
		{43B2EDA1-6750-4737-BDB7-E57BF2B5D736}.Debug|iPhone.ActiveCfg = Debug|Any CPU
		{43B2EDA1-6750-4737-BDB7-E57BF2B5D736}.Debug|iPhoneSimulator.ActiveCfg = Debug|Any CPU
		{43B2EDA1-6750-4737-BDB7-E57BF2B5D736}.Debug|Mixed Platforms.ActiveCfg = Debug|Any CPU
		{43B2EDA1-6750-4737-BDB7-E57BF2B5D736}.Debug|Mixed Platforms.Build.0 = Debug|Any CPU
		{43B2EDA1-6750-4737-BDB7-E57BF2B5D736}.Release|Any CPU.ActiveCfg = Release|Any CPU
		{43B2EDA1-6750-4737-BDB7-E57BF2B5D736}.Release|Any CPU.Build.0 = Release|Any CPU
		{43B2EDA1-6750-4737-BDB7-E57BF2B5D736}.Release|iPhone.ActiveCfg = Release|Any CPU
		{43B2EDA1-6750-4737-BDB7-E57BF2B5D736}.Release|iPhoneSimulator.ActiveCfg = Release|Any CPU
		{43B2EDA1-6750-4737-BDB7-E57BF2B5D736}.Release|Mixed Platforms.ActiveCfg = Release|Any CPU
		{43B2EDA1-6750-4737-BDB7-E57BF2B5D736}.Release|Mixed Platforms.Build.0 = Release|Any CPU
		{6AA6C237-9B57-4652-9C63-B3E8F955B33C}.Ad-Hoc|Any CPU.ActiveCfg = Release|Any CPU
		{6AA6C237-9B57-4652-9C63-B3E8F955B33C}.Ad-Hoc|Any CPU.Build.0 = Release|Any CPU
		{6AA6C237-9B57-4652-9C63-B3E8F955B33C}.Ad-Hoc|iPhone.ActiveCfg = Release|Any CPU
		{6AA6C237-9B57-4652-9C63-B3E8F955B33C}.Ad-Hoc|iPhoneSimulator.ActiveCfg = Release|Any CPU
		{6AA6C237-9B57-4652-9C63-B3E8F955B33C}.Ad-Hoc|Mixed Platforms.ActiveCfg = Release|Any CPU
		{6AA6C237-9B57-4652-9C63-B3E8F955B33C}.Ad-Hoc|Mixed Platforms.Build.0 = Release|Any CPU
		{6AA6C237-9B57-4652-9C63-B3E8F955B33C}.AppStore|Any CPU.ActiveCfg = Release|Any CPU
		{6AA6C237-9B57-4652-9C63-B3E8F955B33C}.AppStore|Any CPU.Build.0 = Release|Any CPU
		{6AA6C237-9B57-4652-9C63-B3E8F955B33C}.AppStore|iPhone.ActiveCfg = Release|Any CPU
		{6AA6C237-9B57-4652-9C63-B3E8F955B33C}.AppStore|iPhoneSimulator.ActiveCfg = Release|Any CPU
		{6AA6C237-9B57-4652-9C63-B3E8F955B33C}.AppStore|Mixed Platforms.ActiveCfg = Release|Any CPU
		{6AA6C237-9B57-4652-9C63-B3E8F955B33C}.AppStore|Mixed Platforms.Build.0 = Release|Any CPU
		{6AA6C237-9B57-4652-9C63-B3E8F955B33C}.Debug|Any CPU.ActiveCfg = Debug|Any CPU
		{6AA6C237-9B57-4652-9C63-B3E8F955B33C}.Debug|Any CPU.Build.0 = Debug|Any CPU
		{6AA6C237-9B57-4652-9C63-B3E8F955B33C}.Debug|iPhone.ActiveCfg = Debug|Any CPU
		{6AA6C237-9B57-4652-9C63-B3E8F955B33C}.Debug|iPhoneSimulator.ActiveCfg = Debug|Any CPU
		{6AA6C237-9B57-4652-9C63-B3E8F955B33C}.Debug|Mixed Platforms.ActiveCfg = Debug|Any CPU
		{6AA6C237-9B57-4652-9C63-B3E8F955B33C}.Debug|Mixed Platforms.Build.0 = Debug|Any CPU
		{6AA6C237-9B57-4652-9C63-B3E8F955B33C}.Release|Any CPU.ActiveCfg = Release|Any CPU
		{6AA6C237-9B57-4652-9C63-B3E8F955B33C}.Release|Any CPU.Build.0 = Release|Any CPU
		{6AA6C237-9B57-4652-9C63-B3E8F955B33C}.Release|iPhone.ActiveCfg = Release|Any CPU
		{6AA6C237-9B57-4652-9C63-B3E8F955B33C}.Release|iPhoneSimulator.ActiveCfg = Release|Any CPU
		{6AA6C237-9B57-4652-9C63-B3E8F955B33C}.Release|Mixed Platforms.ActiveCfg = Release|Any CPU
		{6AA6C237-9B57-4652-9C63-B3E8F955B33C}.Release|Mixed Platforms.Build.0 = Release|Any CPU
		{012707D4-3087-4CC6-9085-B6DCD97AC75D}.Ad-Hoc|Any CPU.ActiveCfg = Release|Any CPU
		{012707D4-3087-4CC6-9085-B6DCD97AC75D}.Ad-Hoc|Any CPU.Build.0 = Release|Any CPU
		{012707D4-3087-4CC6-9085-B6DCD97AC75D}.Ad-Hoc|iPhone.ActiveCfg = Release|Any CPU
		{012707D4-3087-4CC6-9085-B6DCD97AC75D}.Ad-Hoc|iPhoneSimulator.ActiveCfg = Release|Any CPU
		{012707D4-3087-4CC6-9085-B6DCD97AC75D}.Ad-Hoc|Mixed Platforms.ActiveCfg = Release|Any CPU
		{012707D4-3087-4CC6-9085-B6DCD97AC75D}.Ad-Hoc|Mixed Platforms.Build.0 = Release|Any CPU
		{012707D4-3087-4CC6-9085-B6DCD97AC75D}.AppStore|Any CPU.ActiveCfg = Release|Any CPU
		{012707D4-3087-4CC6-9085-B6DCD97AC75D}.AppStore|Any CPU.Build.0 = Release|Any CPU
		{012707D4-3087-4CC6-9085-B6DCD97AC75D}.AppStore|iPhone.ActiveCfg = Release|Any CPU
		{012707D4-3087-4CC6-9085-B6DCD97AC75D}.AppStore|iPhoneSimulator.ActiveCfg = Release|Any CPU
		{012707D4-3087-4CC6-9085-B6DCD97AC75D}.AppStore|Mixed Platforms.ActiveCfg = Release|Any CPU
		{012707D4-3087-4CC6-9085-B6DCD97AC75D}.AppStore|Mixed Platforms.Build.0 = Release|Any CPU
		{012707D4-3087-4CC6-9085-B6DCD97AC75D}.Debug|Any CPU.ActiveCfg = Debug|Any CPU
		{012707D4-3087-4CC6-9085-B6DCD97AC75D}.Debug|Any CPU.Build.0 = Debug|Any CPU
		{012707D4-3087-4CC6-9085-B6DCD97AC75D}.Debug|iPhone.ActiveCfg = Debug|Any CPU
		{012707D4-3087-4CC6-9085-B6DCD97AC75D}.Debug|iPhoneSimulator.ActiveCfg = Debug|Any CPU
		{012707D4-3087-4CC6-9085-B6DCD97AC75D}.Debug|Mixed Platforms.ActiveCfg = Debug|Any CPU
		{012707D4-3087-4CC6-9085-B6DCD97AC75D}.Debug|Mixed Platforms.Build.0 = Debug|Any CPU
		{012707D4-3087-4CC6-9085-B6DCD97AC75D}.Release|Any CPU.ActiveCfg = Release|Any CPU
		{012707D4-3087-4CC6-9085-B6DCD97AC75D}.Release|Any CPU.Build.0 = Release|Any CPU
		{012707D4-3087-4CC6-9085-B6DCD97AC75D}.Release|iPhone.ActiveCfg = Release|Any CPU
		{012707D4-3087-4CC6-9085-B6DCD97AC75D}.Release|iPhoneSimulator.ActiveCfg = Release|Any CPU
		{012707D4-3087-4CC6-9085-B6DCD97AC75D}.Release|Mixed Platforms.ActiveCfg = Release|Any CPU
		{012707D4-3087-4CC6-9085-B6DCD97AC75D}.Release|Mixed Platforms.Build.0 = Release|Any CPU
		{E7ACE848-CBA4-4DC7-9D72-1EB928E1FEA2}.Ad-Hoc|Any CPU.ActiveCfg = Release|Any CPU
		{E7ACE848-CBA4-4DC7-9D72-1EB928E1FEA2}.Ad-Hoc|Any CPU.Build.0 = Release|Any CPU
		{E7ACE848-CBA4-4DC7-9D72-1EB928E1FEA2}.Ad-Hoc|iPhone.ActiveCfg = Release|Any CPU
		{E7ACE848-CBA4-4DC7-9D72-1EB928E1FEA2}.Ad-Hoc|iPhoneSimulator.ActiveCfg = Release|Any CPU
		{E7ACE848-CBA4-4DC7-9D72-1EB928E1FEA2}.Ad-Hoc|Mixed Platforms.ActiveCfg = Release|Any CPU
		{E7ACE848-CBA4-4DC7-9D72-1EB928E1FEA2}.Ad-Hoc|Mixed Platforms.Build.0 = Release|Any CPU
		{E7ACE848-CBA4-4DC7-9D72-1EB928E1FEA2}.AppStore|Any CPU.ActiveCfg = Release|Any CPU
		{E7ACE848-CBA4-4DC7-9D72-1EB928E1FEA2}.AppStore|Any CPU.Build.0 = Release|Any CPU
		{E7ACE848-CBA4-4DC7-9D72-1EB928E1FEA2}.AppStore|iPhone.ActiveCfg = Release|Any CPU
		{E7ACE848-CBA4-4DC7-9D72-1EB928E1FEA2}.AppStore|iPhoneSimulator.ActiveCfg = Release|Any CPU
		{E7ACE848-CBA4-4DC7-9D72-1EB928E1FEA2}.AppStore|Mixed Platforms.ActiveCfg = Release|Any CPU
		{E7ACE848-CBA4-4DC7-9D72-1EB928E1FEA2}.AppStore|Mixed Platforms.Build.0 = Release|Any CPU
		{E7ACE848-CBA4-4DC7-9D72-1EB928E1FEA2}.Debug|Any CPU.ActiveCfg = Debug|Any CPU
		{E7ACE848-CBA4-4DC7-9D72-1EB928E1FEA2}.Debug|Any CPU.Build.0 = Debug|Any CPU
		{E7ACE848-CBA4-4DC7-9D72-1EB928E1FEA2}.Debug|iPhone.ActiveCfg = Debug|Any CPU
		{E7ACE848-CBA4-4DC7-9D72-1EB928E1FEA2}.Debug|iPhoneSimulator.ActiveCfg = Debug|Any CPU
		{E7ACE848-CBA4-4DC7-9D72-1EB928E1FEA2}.Debug|Mixed Platforms.ActiveCfg = Debug|Any CPU
		{E7ACE848-CBA4-4DC7-9D72-1EB928E1FEA2}.Debug|Mixed Platforms.Build.0 = Debug|Any CPU
		{E7ACE848-CBA4-4DC7-9D72-1EB928E1FEA2}.Release|Any CPU.ActiveCfg = Release|Any CPU
		{E7ACE848-CBA4-4DC7-9D72-1EB928E1FEA2}.Release|Any CPU.Build.0 = Release|Any CPU
		{E7ACE848-CBA4-4DC7-9D72-1EB928E1FEA2}.Release|iPhone.ActiveCfg = Release|Any CPU
		{E7ACE848-CBA4-4DC7-9D72-1EB928E1FEA2}.Release|iPhoneSimulator.ActiveCfg = Release|Any CPU
		{E7ACE848-CBA4-4DC7-9D72-1EB928E1FEA2}.Release|Mixed Platforms.ActiveCfg = Release|Any CPU
		{E7ACE848-CBA4-4DC7-9D72-1EB928E1FEA2}.Release|Mixed Platforms.Build.0 = Release|Any CPU
		{F3C52A0D-4158-455A-B3E5-04EB11D675F7}.Ad-Hoc|Any CPU.ActiveCfg = Release|Any CPU
		{F3C52A0D-4158-455A-B3E5-04EB11D675F7}.Ad-Hoc|Any CPU.Build.0 = Release|Any CPU
		{F3C52A0D-4158-455A-B3E5-04EB11D675F7}.Ad-Hoc|iPhone.ActiveCfg = Release|Any CPU
		{F3C52A0D-4158-455A-B3E5-04EB11D675F7}.Ad-Hoc|iPhoneSimulator.ActiveCfg = Release|Any CPU
		{F3C52A0D-4158-455A-B3E5-04EB11D675F7}.Ad-Hoc|Mixed Platforms.ActiveCfg = Release|Any CPU
		{F3C52A0D-4158-455A-B3E5-04EB11D675F7}.Ad-Hoc|Mixed Platforms.Build.0 = Release|Any CPU
		{F3C52A0D-4158-455A-B3E5-04EB11D675F7}.AppStore|Any CPU.ActiveCfg = Release|Any CPU
		{F3C52A0D-4158-455A-B3E5-04EB11D675F7}.AppStore|Any CPU.Build.0 = Release|Any CPU
		{F3C52A0D-4158-455A-B3E5-04EB11D675F7}.AppStore|iPhone.ActiveCfg = Release|Any CPU
		{F3C52A0D-4158-455A-B3E5-04EB11D675F7}.AppStore|iPhoneSimulator.ActiveCfg = Release|Any CPU
		{F3C52A0D-4158-455A-B3E5-04EB11D675F7}.AppStore|Mixed Platforms.ActiveCfg = Release|Any CPU
		{F3C52A0D-4158-455A-B3E5-04EB11D675F7}.AppStore|Mixed Platforms.Build.0 = Release|Any CPU
		{F3C52A0D-4158-455A-B3E5-04EB11D675F7}.Debug|Any CPU.ActiveCfg = Debug|Any CPU
		{F3C52A0D-4158-455A-B3E5-04EB11D675F7}.Debug|Any CPU.Build.0 = Debug|Any CPU
		{F3C52A0D-4158-455A-B3E5-04EB11D675F7}.Debug|iPhone.ActiveCfg = Debug|Any CPU
		{F3C52A0D-4158-455A-B3E5-04EB11D675F7}.Debug|iPhoneSimulator.ActiveCfg = Debug|Any CPU
		{F3C52A0D-4158-455A-B3E5-04EB11D675F7}.Debug|Mixed Platforms.ActiveCfg = Debug|Any CPU
		{F3C52A0D-4158-455A-B3E5-04EB11D675F7}.Debug|Mixed Platforms.Build.0 = Debug|Any CPU
		{F3C52A0D-4158-455A-B3E5-04EB11D675F7}.Release|Any CPU.ActiveCfg = Release|Any CPU
		{F3C52A0D-4158-455A-B3E5-04EB11D675F7}.Release|Any CPU.Build.0 = Release|Any CPU
		{F3C52A0D-4158-455A-B3E5-04EB11D675F7}.Release|iPhone.ActiveCfg = Release|Any CPU
		{F3C52A0D-4158-455A-B3E5-04EB11D675F7}.Release|iPhoneSimulator.ActiveCfg = Release|Any CPU
		{F3C52A0D-4158-455A-B3E5-04EB11D675F7}.Release|Mixed Platforms.ActiveCfg = Release|Any CPU
		{F3C52A0D-4158-455A-B3E5-04EB11D675F7}.Release|Mixed Platforms.Build.0 = Release|Any CPU
		{752B1476-8B11-4A2C-AFF3-A51461B70587}.Ad-Hoc|Any CPU.ActiveCfg = Release|Any CPU
		{752B1476-8B11-4A2C-AFF3-A51461B70587}.Ad-Hoc|Any CPU.Build.0 = Release|Any CPU
		{752B1476-8B11-4A2C-AFF3-A51461B70587}.Ad-Hoc|iPhone.ActiveCfg = Release|Any CPU
		{752B1476-8B11-4A2C-AFF3-A51461B70587}.Ad-Hoc|iPhoneSimulator.ActiveCfg = Release|Any CPU
		{752B1476-8B11-4A2C-AFF3-A51461B70587}.Ad-Hoc|Mixed Platforms.ActiveCfg = Release|Any CPU
		{752B1476-8B11-4A2C-AFF3-A51461B70587}.Ad-Hoc|Mixed Platforms.Build.0 = Release|Any CPU
		{752B1476-8B11-4A2C-AFF3-A51461B70587}.AppStore|Any CPU.ActiveCfg = Release|Any CPU
		{752B1476-8B11-4A2C-AFF3-A51461B70587}.AppStore|Any CPU.Build.0 = Release|Any CPU
		{752B1476-8B11-4A2C-AFF3-A51461B70587}.AppStore|iPhone.ActiveCfg = Release|Any CPU
		{752B1476-8B11-4A2C-AFF3-A51461B70587}.AppStore|iPhoneSimulator.ActiveCfg = Release|Any CPU
		{752B1476-8B11-4A2C-AFF3-A51461B70587}.AppStore|Mixed Platforms.ActiveCfg = Release|Any CPU
		{752B1476-8B11-4A2C-AFF3-A51461B70587}.AppStore|Mixed Platforms.Build.0 = Release|Any CPU
		{752B1476-8B11-4A2C-AFF3-A51461B70587}.Debug|Any CPU.ActiveCfg = Debug|Any CPU
		{752B1476-8B11-4A2C-AFF3-A51461B70587}.Debug|Any CPU.Build.0 = Debug|Any CPU
		{752B1476-8B11-4A2C-AFF3-A51461B70587}.Debug|iPhone.ActiveCfg = Debug|Any CPU
		{752B1476-8B11-4A2C-AFF3-A51461B70587}.Debug|iPhoneSimulator.ActiveCfg = Debug|Any CPU
		{752B1476-8B11-4A2C-AFF3-A51461B70587}.Debug|Mixed Platforms.ActiveCfg = Debug|Any CPU
		{752B1476-8B11-4A2C-AFF3-A51461B70587}.Debug|Mixed Platforms.Build.0 = Debug|Any CPU
		{752B1476-8B11-4A2C-AFF3-A51461B70587}.Release|Any CPU.ActiveCfg = Release|Any CPU
		{752B1476-8B11-4A2C-AFF3-A51461B70587}.Release|Any CPU.Build.0 = Release|Any CPU
		{752B1476-8B11-4A2C-AFF3-A51461B70587}.Release|iPhone.ActiveCfg = Release|Any CPU
		{752B1476-8B11-4A2C-AFF3-A51461B70587}.Release|iPhoneSimulator.ActiveCfg = Release|Any CPU
		{752B1476-8B11-4A2C-AFF3-A51461B70587}.Release|Mixed Platforms.ActiveCfg = Release|Any CPU
		{752B1476-8B11-4A2C-AFF3-A51461B70587}.Release|Mixed Platforms.Build.0 = Release|Any CPU
		{5B7BF65A-937F-497C-AE1F-8CDBCBDC765F}.Ad-Hoc|Any CPU.ActiveCfg = Release|Any CPU
		{5B7BF65A-937F-497C-AE1F-8CDBCBDC765F}.Ad-Hoc|Any CPU.Build.0 = Release|Any CPU
		{5B7BF65A-937F-497C-AE1F-8CDBCBDC765F}.Ad-Hoc|iPhone.ActiveCfg = Release|Any CPU
		{5B7BF65A-937F-497C-AE1F-8CDBCBDC765F}.Ad-Hoc|iPhoneSimulator.ActiveCfg = Release|Any CPU
		{5B7BF65A-937F-497C-AE1F-8CDBCBDC765F}.Ad-Hoc|Mixed Platforms.ActiveCfg = Release|Any CPU
		{5B7BF65A-937F-497C-AE1F-8CDBCBDC765F}.Ad-Hoc|Mixed Platforms.Build.0 = Release|Any CPU
		{5B7BF65A-937F-497C-AE1F-8CDBCBDC765F}.AppStore|Any CPU.ActiveCfg = Release|Any CPU
		{5B7BF65A-937F-497C-AE1F-8CDBCBDC765F}.AppStore|Any CPU.Build.0 = Release|Any CPU
		{5B7BF65A-937F-497C-AE1F-8CDBCBDC765F}.AppStore|iPhone.ActiveCfg = Release|Any CPU
		{5B7BF65A-937F-497C-AE1F-8CDBCBDC765F}.AppStore|iPhoneSimulator.ActiveCfg = Release|Any CPU
		{5B7BF65A-937F-497C-AE1F-8CDBCBDC765F}.AppStore|Mixed Platforms.ActiveCfg = Release|Any CPU
		{5B7BF65A-937F-497C-AE1F-8CDBCBDC765F}.AppStore|Mixed Platforms.Build.0 = Release|Any CPU
		{5B7BF65A-937F-497C-AE1F-8CDBCBDC765F}.Debug|Any CPU.ActiveCfg = Debug|Any CPU
		{5B7BF65A-937F-497C-AE1F-8CDBCBDC765F}.Debug|Any CPU.Build.0 = Debug|Any CPU
		{5B7BF65A-937F-497C-AE1F-8CDBCBDC765F}.Debug|iPhone.ActiveCfg = Debug|Any CPU
		{5B7BF65A-937F-497C-AE1F-8CDBCBDC765F}.Debug|iPhoneSimulator.ActiveCfg = Debug|Any CPU
		{5B7BF65A-937F-497C-AE1F-8CDBCBDC765F}.Debug|Mixed Platforms.ActiveCfg = Debug|Any CPU
		{5B7BF65A-937F-497C-AE1F-8CDBCBDC765F}.Debug|Mixed Platforms.Build.0 = Debug|Any CPU
		{5B7BF65A-937F-497C-AE1F-8CDBCBDC765F}.Release|Any CPU.ActiveCfg = Release|Any CPU
		{5B7BF65A-937F-497C-AE1F-8CDBCBDC765F}.Release|Any CPU.Build.0 = Release|Any CPU
		{5B7BF65A-937F-497C-AE1F-8CDBCBDC765F}.Release|iPhone.ActiveCfg = Release|Any CPU
		{5B7BF65A-937F-497C-AE1F-8CDBCBDC765F}.Release|iPhoneSimulator.ActiveCfg = Release|Any CPU
		{5B7BF65A-937F-497C-AE1F-8CDBCBDC765F}.Release|Mixed Platforms.ActiveCfg = Release|Any CPU
		{5B7BF65A-937F-497C-AE1F-8CDBCBDC765F}.Release|Mixed Platforms.Build.0 = Release|Any CPU
		{21163F9B-A50D-41BF-B6EB-7449D3D6CC13}.Ad-Hoc|Any CPU.ActiveCfg = Release|Any CPU
		{21163F9B-A50D-41BF-B6EB-7449D3D6CC13}.Ad-Hoc|Any CPU.Build.0 = Release|Any CPU
		{21163F9B-A50D-41BF-B6EB-7449D3D6CC13}.Ad-Hoc|Any CPU.Deploy.0 = Release|Any CPU
		{21163F9B-A50D-41BF-B6EB-7449D3D6CC13}.Ad-Hoc|iPhone.ActiveCfg = Release|Any CPU
		{21163F9B-A50D-41BF-B6EB-7449D3D6CC13}.Ad-Hoc|iPhoneSimulator.ActiveCfg = Release|Any CPU
		{21163F9B-A50D-41BF-B6EB-7449D3D6CC13}.Ad-Hoc|Mixed Platforms.ActiveCfg = Release|Any CPU
		{21163F9B-A50D-41BF-B6EB-7449D3D6CC13}.Ad-Hoc|Mixed Platforms.Build.0 = Release|Any CPU
		{21163F9B-A50D-41BF-B6EB-7449D3D6CC13}.Ad-Hoc|Mixed Platforms.Deploy.0 = Release|Any CPU
		{21163F9B-A50D-41BF-B6EB-7449D3D6CC13}.AppStore|Any CPU.ActiveCfg = Release|Any CPU
		{21163F9B-A50D-41BF-B6EB-7449D3D6CC13}.AppStore|Any CPU.Build.0 = Release|Any CPU
		{21163F9B-A50D-41BF-B6EB-7449D3D6CC13}.AppStore|Any CPU.Deploy.0 = Release|Any CPU
		{21163F9B-A50D-41BF-B6EB-7449D3D6CC13}.AppStore|iPhone.ActiveCfg = Release|Any CPU
		{21163F9B-A50D-41BF-B6EB-7449D3D6CC13}.AppStore|iPhoneSimulator.ActiveCfg = Release|Any CPU
		{21163F9B-A50D-41BF-B6EB-7449D3D6CC13}.AppStore|Mixed Platforms.ActiveCfg = Release|Any CPU
		{21163F9B-A50D-41BF-B6EB-7449D3D6CC13}.AppStore|Mixed Platforms.Build.0 = Release|Any CPU
		{21163F9B-A50D-41BF-B6EB-7449D3D6CC13}.AppStore|Mixed Platforms.Deploy.0 = Release|Any CPU
		{21163F9B-A50D-41BF-B6EB-7449D3D6CC13}.Debug|Any CPU.ActiveCfg = Debug|Any CPU
		{21163F9B-A50D-41BF-B6EB-7449D3D6CC13}.Debug|Any CPU.Build.0 = Debug|Any CPU
		{21163F9B-A50D-41BF-B6EB-7449D3D6CC13}.Debug|Any CPU.Deploy.0 = Debug|Any CPU
		{21163F9B-A50D-41BF-B6EB-7449D3D6CC13}.Debug|iPhone.ActiveCfg = Debug|Any CPU
		{21163F9B-A50D-41BF-B6EB-7449D3D6CC13}.Debug|iPhoneSimulator.ActiveCfg = Debug|Any CPU
		{21163F9B-A50D-41BF-B6EB-7449D3D6CC13}.Debug|Mixed Platforms.ActiveCfg = Debug|Any CPU
		{21163F9B-A50D-41BF-B6EB-7449D3D6CC13}.Debug|Mixed Platforms.Build.0 = Debug|Any CPU
		{21163F9B-A50D-41BF-B6EB-7449D3D6CC13}.Debug|Mixed Platforms.Deploy.0 = Debug|Any CPU
		{21163F9B-A50D-41BF-B6EB-7449D3D6CC13}.Release|Any CPU.ActiveCfg = Release|Any CPU
		{21163F9B-A50D-41BF-B6EB-7449D3D6CC13}.Release|Any CPU.Build.0 = Release|Any CPU
		{21163F9B-A50D-41BF-B6EB-7449D3D6CC13}.Release|Any CPU.Deploy.0 = Release|Any CPU
		{21163F9B-A50D-41BF-B6EB-7449D3D6CC13}.Release|iPhone.ActiveCfg = Release|Any CPU
		{21163F9B-A50D-41BF-B6EB-7449D3D6CC13}.Release|iPhoneSimulator.ActiveCfg = Release|Any CPU
		{21163F9B-A50D-41BF-B6EB-7449D3D6CC13}.Release|Mixed Platforms.ActiveCfg = Release|Any CPU
		{21163F9B-A50D-41BF-B6EB-7449D3D6CC13}.Release|Mixed Platforms.Build.0 = Release|Any CPU
		{21163F9B-A50D-41BF-B6EB-7449D3D6CC13}.Release|Mixed Platforms.Deploy.0 = Release|Any CPU
		{E2657F26-9B45-4378-A88F-D72944DF2B60}.Ad-Hoc|Any CPU.ActiveCfg = Ad-Hoc|iPhone
		{E2657F26-9B45-4378-A88F-D72944DF2B60}.Ad-Hoc|iPhone.ActiveCfg = Ad-Hoc|iPhone
		{E2657F26-9B45-4378-A88F-D72944DF2B60}.Ad-Hoc|iPhone.Build.0 = Ad-Hoc|iPhone
		{E2657F26-9B45-4378-A88F-D72944DF2B60}.Ad-Hoc|iPhoneSimulator.ActiveCfg = Ad-Hoc|iPhoneSimulator
		{E2657F26-9B45-4378-A88F-D72944DF2B60}.Ad-Hoc|iPhoneSimulator.Build.0 = Ad-Hoc|iPhoneSimulator
		{E2657F26-9B45-4378-A88F-D72944DF2B60}.Ad-Hoc|Mixed Platforms.ActiveCfg = Ad-Hoc|iPhone
		{E2657F26-9B45-4378-A88F-D72944DF2B60}.Ad-Hoc|Mixed Platforms.Build.0 = Ad-Hoc|iPhone
		{E2657F26-9B45-4378-A88F-D72944DF2B60}.AppStore|Any CPU.ActiveCfg = AppStore|iPhone
		{E2657F26-9B45-4378-A88F-D72944DF2B60}.AppStore|iPhone.ActiveCfg = AppStore|iPhone
		{E2657F26-9B45-4378-A88F-D72944DF2B60}.AppStore|iPhone.Build.0 = AppStore|iPhone
		{E2657F26-9B45-4378-A88F-D72944DF2B60}.AppStore|iPhoneSimulator.ActiveCfg = AppStore|iPhoneSimulator
		{E2657F26-9B45-4378-A88F-D72944DF2B60}.AppStore|iPhoneSimulator.Build.0 = AppStore|iPhoneSimulator
		{E2657F26-9B45-4378-A88F-D72944DF2B60}.AppStore|Mixed Platforms.ActiveCfg = AppStore|iPhone
		{E2657F26-9B45-4378-A88F-D72944DF2B60}.AppStore|Mixed Platforms.Build.0 = AppStore|iPhone
		{E2657F26-9B45-4378-A88F-D72944DF2B60}.Debug|Any CPU.ActiveCfg = Debug|iPhone
		{E2657F26-9B45-4378-A88F-D72944DF2B60}.Debug|iPhone.ActiveCfg = Debug|iPhone
		{E2657F26-9B45-4378-A88F-D72944DF2B60}.Debug|iPhone.Build.0 = Debug|iPhone
		{E2657F26-9B45-4378-A88F-D72944DF2B60}.Debug|iPhoneSimulator.ActiveCfg = Debug|iPhoneSimulator
		{E2657F26-9B45-4378-A88F-D72944DF2B60}.Debug|iPhoneSimulator.Build.0 = Debug|iPhoneSimulator
		{E2657F26-9B45-4378-A88F-D72944DF2B60}.Debug|Mixed Platforms.ActiveCfg = Debug|iPhone
		{E2657F26-9B45-4378-A88F-D72944DF2B60}.Debug|Mixed Platforms.Build.0 = Debug|iPhone
		{E2657F26-9B45-4378-A88F-D72944DF2B60}.Release|Any CPU.ActiveCfg = Release|iPhone
		{E2657F26-9B45-4378-A88F-D72944DF2B60}.Release|iPhone.ActiveCfg = Release|iPhone
		{E2657F26-9B45-4378-A88F-D72944DF2B60}.Release|iPhone.Build.0 = Release|iPhone
		{E2657F26-9B45-4378-A88F-D72944DF2B60}.Release|iPhoneSimulator.ActiveCfg = Release|iPhoneSimulator
		{E2657F26-9B45-4378-A88F-D72944DF2B60}.Release|iPhoneSimulator.Build.0 = Release|iPhoneSimulator
		{E2657F26-9B45-4378-A88F-D72944DF2B60}.Release|Mixed Platforms.ActiveCfg = Release|iPhone
		{E2657F26-9B45-4378-A88F-D72944DF2B60}.Release|Mixed Platforms.Build.0 = Release|iPhone
		{0DC559E0-B929-4DDD-B07B-F0CAF5F5F7BB}.Ad-Hoc|Any CPU.ActiveCfg = Release|Any CPU
		{0DC559E0-B929-4DDD-B07B-F0CAF5F5F7BB}.Ad-Hoc|Any CPU.Build.0 = Release|Any CPU
		{0DC559E0-B929-4DDD-B07B-F0CAF5F5F7BB}.Ad-Hoc|iPhone.ActiveCfg = Release|Any CPU
		{0DC559E0-B929-4DDD-B07B-F0CAF5F5F7BB}.Ad-Hoc|iPhoneSimulator.ActiveCfg = Release|Any CPU
		{0DC559E0-B929-4DDD-B07B-F0CAF5F5F7BB}.Ad-Hoc|Mixed Platforms.ActiveCfg = Release|Any CPU
		{0DC559E0-B929-4DDD-B07B-F0CAF5F5F7BB}.Ad-Hoc|Mixed Platforms.Build.0 = Release|Any CPU
		{0DC559E0-B929-4DDD-B07B-F0CAF5F5F7BB}.AppStore|Any CPU.ActiveCfg = Release|Any CPU
		{0DC559E0-B929-4DDD-B07B-F0CAF5F5F7BB}.AppStore|Any CPU.Build.0 = Release|Any CPU
		{0DC559E0-B929-4DDD-B07B-F0CAF5F5F7BB}.AppStore|iPhone.ActiveCfg = Release|Any CPU
		{0DC559E0-B929-4DDD-B07B-F0CAF5F5F7BB}.AppStore|iPhoneSimulator.ActiveCfg = Release|Any CPU
		{0DC559E0-B929-4DDD-B07B-F0CAF5F5F7BB}.AppStore|Mixed Platforms.ActiveCfg = Release|Any CPU
		{0DC559E0-B929-4DDD-B07B-F0CAF5F5F7BB}.AppStore|Mixed Platforms.Build.0 = Release|Any CPU
		{0DC559E0-B929-4DDD-B07B-F0CAF5F5F7BB}.Debug|Any CPU.ActiveCfg = Debug|Any CPU
		{0DC559E0-B929-4DDD-B07B-F0CAF5F5F7BB}.Debug|Any CPU.Build.0 = Debug|Any CPU
		{0DC559E0-B929-4DDD-B07B-F0CAF5F5F7BB}.Debug|iPhone.ActiveCfg = Debug|Any CPU
		{0DC559E0-B929-4DDD-B07B-F0CAF5F5F7BB}.Debug|iPhoneSimulator.ActiveCfg = Debug|Any CPU
		{0DC559E0-B929-4DDD-B07B-F0CAF5F5F7BB}.Debug|Mixed Platforms.ActiveCfg = Debug|Any CPU
		{0DC559E0-B929-4DDD-B07B-F0CAF5F5F7BB}.Debug|Mixed Platforms.Build.0 = Debug|Any CPU
		{0DC559E0-B929-4DDD-B07B-F0CAF5F5F7BB}.Release|Any CPU.ActiveCfg = Release|Any CPU
		{0DC559E0-B929-4DDD-B07B-F0CAF5F5F7BB}.Release|Any CPU.Build.0 = Release|Any CPU
		{0DC559E0-B929-4DDD-B07B-F0CAF5F5F7BB}.Release|iPhone.ActiveCfg = Release|Any CPU
		{0DC559E0-B929-4DDD-B07B-F0CAF5F5F7BB}.Release|iPhoneSimulator.ActiveCfg = Release|Any CPU
		{0DC559E0-B929-4DDD-B07B-F0CAF5F5F7BB}.Release|Mixed Platforms.ActiveCfg = Release|Any CPU
		{0DC559E0-B929-4DDD-B07B-F0CAF5F5F7BB}.Release|Mixed Platforms.Build.0 = Release|Any CPU
		{9F69E12D-9DBE-47DE-8DA8-458A190E202D}.Ad-Hoc|Any CPU.ActiveCfg = Release|Any CPU
		{9F69E12D-9DBE-47DE-8DA8-458A190E202D}.Ad-Hoc|Any CPU.Build.0 = Release|Any CPU
		{9F69E12D-9DBE-47DE-8DA8-458A190E202D}.Ad-Hoc|Any CPU.Deploy.0 = Release|Any CPU
		{9F69E12D-9DBE-47DE-8DA8-458A190E202D}.Ad-Hoc|iPhone.ActiveCfg = Release|Any CPU
		{9F69E12D-9DBE-47DE-8DA8-458A190E202D}.Ad-Hoc|iPhoneSimulator.ActiveCfg = Release|Any CPU
		{9F69E12D-9DBE-47DE-8DA8-458A190E202D}.Ad-Hoc|Mixed Platforms.ActiveCfg = Release|Any CPU
		{9F69E12D-9DBE-47DE-8DA8-458A190E202D}.Ad-Hoc|Mixed Platforms.Build.0 = Release|Any CPU
		{9F69E12D-9DBE-47DE-8DA8-458A190E202D}.Ad-Hoc|Mixed Platforms.Deploy.0 = Release|Any CPU
		{9F69E12D-9DBE-47DE-8DA8-458A190E202D}.AppStore|Any CPU.ActiveCfg = Release|Any CPU
		{9F69E12D-9DBE-47DE-8DA8-458A190E202D}.AppStore|Any CPU.Build.0 = Release|Any CPU
		{9F69E12D-9DBE-47DE-8DA8-458A190E202D}.AppStore|Any CPU.Deploy.0 = Release|Any CPU
		{9F69E12D-9DBE-47DE-8DA8-458A190E202D}.AppStore|iPhone.ActiveCfg = Release|Any CPU
		{9F69E12D-9DBE-47DE-8DA8-458A190E202D}.AppStore|iPhoneSimulator.ActiveCfg = Release|Any CPU
		{9F69E12D-9DBE-47DE-8DA8-458A190E202D}.AppStore|Mixed Platforms.ActiveCfg = Release|Any CPU
		{9F69E12D-9DBE-47DE-8DA8-458A190E202D}.AppStore|Mixed Platforms.Build.0 = Release|Any CPU
		{9F69E12D-9DBE-47DE-8DA8-458A190E202D}.AppStore|Mixed Platforms.Deploy.0 = Release|Any CPU
		{9F69E12D-9DBE-47DE-8DA8-458A190E202D}.Debug|Any CPU.ActiveCfg = Debug|Any CPU
		{9F69E12D-9DBE-47DE-8DA8-458A190E202D}.Debug|Any CPU.Build.0 = Debug|Any CPU
		{9F69E12D-9DBE-47DE-8DA8-458A190E202D}.Debug|Any CPU.Deploy.0 = Debug|Any CPU
		{9F69E12D-9DBE-47DE-8DA8-458A190E202D}.Debug|iPhone.ActiveCfg = Debug|Any CPU
		{9F69E12D-9DBE-47DE-8DA8-458A190E202D}.Debug|iPhoneSimulator.ActiveCfg = Debug|Any CPU
		{9F69E12D-9DBE-47DE-8DA8-458A190E202D}.Debug|Mixed Platforms.ActiveCfg = Debug|Any CPU
		{9F69E12D-9DBE-47DE-8DA8-458A190E202D}.Debug|Mixed Platforms.Build.0 = Debug|Any CPU
		{9F69E12D-9DBE-47DE-8DA8-458A190E202D}.Debug|Mixed Platforms.Deploy.0 = Debug|Any CPU
		{9F69E12D-9DBE-47DE-8DA8-458A190E202D}.Release|Any CPU.ActiveCfg = Release|Any CPU
		{9F69E12D-9DBE-47DE-8DA8-458A190E202D}.Release|Any CPU.Build.0 = Release|Any CPU
		{9F69E12D-9DBE-47DE-8DA8-458A190E202D}.Release|Any CPU.Deploy.0 = Release|Any CPU
		{9F69E12D-9DBE-47DE-8DA8-458A190E202D}.Release|iPhone.ActiveCfg = Release|Any CPU
		{9F69E12D-9DBE-47DE-8DA8-458A190E202D}.Release|iPhoneSimulator.ActiveCfg = Release|Any CPU
		{9F69E12D-9DBE-47DE-8DA8-458A190E202D}.Release|Mixed Platforms.ActiveCfg = Release|Any CPU
		{9F69E12D-9DBE-47DE-8DA8-458A190E202D}.Release|Mixed Platforms.Build.0 = Release|Any CPU
		{9F69E12D-9DBE-47DE-8DA8-458A190E202D}.Release|Mixed Platforms.Deploy.0 = Release|Any CPU
		{275FF625-2494-431F-AC5A-06ED04F35187}.Ad-Hoc|Any CPU.ActiveCfg = Ad-Hoc|iPhone
		{275FF625-2494-431F-AC5A-06ED04F35187}.Ad-Hoc|iPhone.ActiveCfg = Ad-Hoc|iPhone
		{275FF625-2494-431F-AC5A-06ED04F35187}.Ad-Hoc|iPhone.Build.0 = Ad-Hoc|iPhone
		{275FF625-2494-431F-AC5A-06ED04F35187}.Ad-Hoc|iPhoneSimulator.ActiveCfg = Ad-Hoc|iPhoneSimulator
		{275FF625-2494-431F-AC5A-06ED04F35187}.Ad-Hoc|iPhoneSimulator.Build.0 = Ad-Hoc|iPhoneSimulator
		{275FF625-2494-431F-AC5A-06ED04F35187}.Ad-Hoc|Mixed Platforms.ActiveCfg = Ad-Hoc|iPhone
		{275FF625-2494-431F-AC5A-06ED04F35187}.Ad-Hoc|Mixed Platforms.Build.0 = Ad-Hoc|iPhone
		{275FF625-2494-431F-AC5A-06ED04F35187}.AppStore|Any CPU.ActiveCfg = AppStore|iPhone
		{275FF625-2494-431F-AC5A-06ED04F35187}.AppStore|iPhone.ActiveCfg = AppStore|iPhone
		{275FF625-2494-431F-AC5A-06ED04F35187}.AppStore|iPhone.Build.0 = AppStore|iPhone
		{275FF625-2494-431F-AC5A-06ED04F35187}.AppStore|iPhoneSimulator.ActiveCfg = AppStore|iPhoneSimulator
		{275FF625-2494-431F-AC5A-06ED04F35187}.AppStore|iPhoneSimulator.Build.0 = AppStore|iPhoneSimulator
		{275FF625-2494-431F-AC5A-06ED04F35187}.AppStore|Mixed Platforms.ActiveCfg = AppStore|iPhone
		{275FF625-2494-431F-AC5A-06ED04F35187}.AppStore|Mixed Platforms.Build.0 = AppStore|iPhone
		{275FF625-2494-431F-AC5A-06ED04F35187}.Debug|Any CPU.ActiveCfg = Debug|iPhone
		{275FF625-2494-431F-AC5A-06ED04F35187}.Debug|iPhone.ActiveCfg = Debug|iPhone
		{275FF625-2494-431F-AC5A-06ED04F35187}.Debug|iPhone.Build.0 = Debug|iPhone
		{275FF625-2494-431F-AC5A-06ED04F35187}.Debug|iPhoneSimulator.ActiveCfg = Debug|iPhoneSimulator
		{275FF625-2494-431F-AC5A-06ED04F35187}.Debug|iPhoneSimulator.Build.0 = Debug|iPhoneSimulator
		{275FF625-2494-431F-AC5A-06ED04F35187}.Debug|Mixed Platforms.ActiveCfg = Debug|iPhone
		{275FF625-2494-431F-AC5A-06ED04F35187}.Debug|Mixed Platforms.Build.0 = Debug|iPhone
		{275FF625-2494-431F-AC5A-06ED04F35187}.Release|Any CPU.ActiveCfg = Release|iPhone
		{275FF625-2494-431F-AC5A-06ED04F35187}.Release|iPhone.ActiveCfg = Release|iPhone
		{275FF625-2494-431F-AC5A-06ED04F35187}.Release|iPhone.Build.0 = Release|iPhone
		{275FF625-2494-431F-AC5A-06ED04F35187}.Release|iPhoneSimulator.ActiveCfg = Release|iPhoneSimulator
		{275FF625-2494-431F-AC5A-06ED04F35187}.Release|iPhoneSimulator.Build.0 = Release|iPhoneSimulator
		{275FF625-2494-431F-AC5A-06ED04F35187}.Release|Mixed Platforms.ActiveCfg = Release|iPhone
		{275FF625-2494-431F-AC5A-06ED04F35187}.Release|Mixed Platforms.Build.0 = Release|iPhone
	EndGlobalSection
	GlobalSection(SolutionProperties) = preSolution
		HideSolutionNode = FALSE
	EndGlobalSection
	GlobalSection(NestedProjects) = preSolution
		{0DC559E0-B929-4DDD-B07B-F0CAF5F5F7BB} = {9BFBAF01-1400-4A84-A06B-921693FBCF3E}
		{9F69E12D-9DBE-47DE-8DA8-458A190E202D} = {9BFBAF01-1400-4A84-A06B-921693FBCF3E}
		{275FF625-2494-431F-AC5A-06ED04F35187} = {9BFBAF01-1400-4A84-A06B-921693FBCF3E}
	EndGlobalSection
EndGlobal
